<Solution>
  <Folder Name="/SolutionItems/">
    <File Path="../.editorconfig" />
    <File Path="../.gitattributes" />
    <File Path="../.gitignore" />
    <File Path="../readme.md" />
    <File Path="Directory.Build.props" />
    <File Path="Directory.Packages.props" />
  </Folder>
  <Project Path="EntityFramework.OrderBy/EntityFramework.OrderBy.csproj" />
  <Project Path="Tests/Tests.csproj" />
</Solution>
